
Microsoft Visual Studio Solution File, Format Version 12.00
# Visual Studio Version 17
VisualStudioVersion = 17.7.34031.279
MinimumVisualStudioVersion = 10.0.40219.1
Project("{2150E333-8FDC-42A3-9474-1A3956D46DE8}") = "src", "src", "{AAE2DB3E-C0E2-48C2-9566-D26172743949}"
EndProject
Project("{2150E333-8FDC-42A3-9474-1A3956D46DE8}") = "tests", "tests", "{EE4647E6-9210-406E-A0B9-1E84E5C49CE9}"
EndProject
Project("{2150E333-8FDC-42A3-9474-1A3956D46DE8}") = "API", "API", "{C3BD250D-F89F-4D9C-BB88-20734FE32C54}"
EndProject
Project("{2150E333-8FDC-42A3-9474-1A3956D46DE8}") = "Core", "Core", "{3D634D54-E4B3-4213-8D12-B8B0863989A3}"
EndProject
Project("{2150E333-8FDC-42A3-9474-1A3956D46DE8}") = "Infrastructure", "Infrastructure", "{7F042BAF-112F-4B47-9BB7-1AA59B5785EC}"
EndProject
Project("{9A19103F-16F7-4668-BE54-9A1E7A4F7556}") = "Dooshka.Domain", "Dooshka.Domain\Dooshka.Domain.csproj", "{3B038D4E-176E-4F66-8284-486FBC4B3F6F}"
EndProject
Project("{9A19103F-16F7-4668-BE54-9A1E7A4F7556}") = "Dooshka.Application", "Dooshka.Application\Dooshka.Application.csproj", "{EA3F7199-69A5-4A03-81EB-688AEC25E9E4}"
EndProject
Project("{9A19103F-16F7-4668-BE54-9A1E7A4F7556}") = "Dooshka.Infrastructure", "Dooshka.Infrastructure\Dooshka.Infrastructure.csproj", "{CEA9AB93-AE3F-44B5-B81A-9C8A9616E4BD}"
EndProject
Project("{9A19103F-16F7-4668-BE54-9A1E7A4F7556}") = "Dooshka.Persistence", "Dooshka.Persistence\Dooshka.Persistence.csproj", "{0920E3A3-CDF9-472E-B794-80BE54F9EB44}"
EndProject
Project("{9A19103F-16F7-4668-BE54-9A1E7A4F7556}") = "Dooshka.API", "Dooshka.API\Dooshka.API.csproj", "{A4DF30DB-8F00-43C7-BB48-E83E5F7F6559}"
EndProject
Project("{FAE04EC0-301F-11D3-BF4B-00C04F79EFBC}") = "Dooshka.APITests", "Dooshka.APITests\Dooshka.APITests.csproj", "{1E2D468E-234E-4385-9A31-F97B02864D3B}"
EndProject
Project("{FAE04EC0-301F-11D3-BF4B-00C04F79EFBC}") = "Dooshka.Application.UnitTests", "Dooshka.Application.UnitTests\Dooshka.Application.UnitTests.csproj", "{2142C526-87F7-4E0B-8D0D-0985A5AB77D0}"
EndProject
Global
	GlobalSection(SolutionConfigurationPlatforms) = preSolution
		Debug|Any CPU = Debug|Any CPU
		Release|Any CPU = Release|Any CPU
	EndGlobalSection
	GlobalSection(ProjectConfigurationPlatforms) = postSolution
		{3B038D4E-176E-4F66-8284-486FBC4B3F6F}.Debug|Any CPU.ActiveCfg = Debug|Any CPU
		{3B038D4E-176E-4F66-8284-486FBC4B3F6F}.Debug|Any CPU.Build.0 = Debug|Any CPU
		{3B038D4E-176E-4F66-8284-486FBC4B3F6F}.Release|Any CPU.ActiveCfg = Release|Any CPU
		{3B038D4E-176E-4F66-8284-486FBC4B3F6F}.Release|Any CPU.Build.0 = Release|Any CPU
		{EA3F7199-69A5-4A03-81EB-688AEC25E9E4}.Debug|Any CPU.ActiveCfg = Debug|Any CPU
		{EA3F7199-69A5-4A03-81EB-688AEC25E9E4}.Debug|Any CPU.Build.0 = Debug|Any CPU
		{EA3F7199-69A5-4A03-81EB-688AEC25E9E4}.Release|Any CPU.ActiveCfg = Release|Any CPU
		{EA3F7199-69A5-4A03-81EB-688AEC25E9E4}.Release|Any CPU.Build.0 = Release|Any CPU
		{CEA9AB93-AE3F-44B5-B81A-9C8A9616E4BD}.Debug|Any CPU.ActiveCfg = Debug|Any CPU
		{CEA9AB93-AE3F-44B5-B81A-9C8A9616E4BD}.Debug|Any CPU.Build.0 = Debug|Any CPU
		{CEA9AB93-AE3F-44B5-B81A-9C8A9616E4BD}.Release|Any CPU.ActiveCfg = Release|Any CPU
		{CEA9AB93-AE3F-44B5-B81A-9C8A9616E4BD}.Release|Any CPU.Build.0 = Release|Any CPU
		{0920E3A3-CDF9-472E-B794-80BE54F9EB44}.Debug|Any CPU.ActiveCfg = Debug|Any CPU
		{0920E3A3-CDF9-472E-B794-80BE54F9EB44}.Debug|Any CPU.Build.0 = Debug|Any CPU
		{0920E3A3-CDF9-472E-B794-80BE54F9EB44}.Release|Any CPU.ActiveCfg = Release|Any CPU
		{0920E3A3-CDF9-472E-B794-80BE54F9EB44}.Release|Any CPU.Build.0 = Release|Any CPU
		{A4DF30DB-8F00-43C7-BB48-E83E5F7F6559}.Debug|Any CPU.ActiveCfg = Debug|Any CPU
		{A4DF30DB-8F00-43C7-BB48-E83E5F7F6559}.Debug|Any CPU.Build.0 = Debug|Any CPU
		{A4DF30DB-8F00-43C7-BB48-E83E5F7F6559}.Release|Any CPU.ActiveCfg = Release|Any CPU
		{A4DF30DB-8F00-43C7-BB48-E83E5F7F6559}.Release|Any CPU.Build.0 = Release|Any CPU
		{1E2D468E-234E-4385-9A31-F97B02864D3B}.Debug|Any CPU.ActiveCfg = Debug|Any CPU
		{1E2D468E-234E-4385-9A31-F97B02864D3B}.Debug|Any CPU.Build.0 = Debug|Any CPU
		{1E2D468E-234E-4385-9A31-F97B02864D3B}.Release|Any CPU.ActiveCfg = Release|Any CPU
		{1E2D468E-234E-4385-9A31-F97B02864D3B}.Release|Any CPU.Build.0 = Release|Any CPU
		{2142C526-87F7-4E0B-8D0D-0985A5AB77D0}.Debug|Any CPU.ActiveCfg = Debug|Any CPU
		{2142C526-87F7-4E0B-8D0D-0985A5AB77D0}.Debug|Any CPU.Build.0 = Debug|Any CPU
		{2142C526-87F7-4E0B-8D0D-0985A5AB77D0}.Release|Any CPU.ActiveCfg = Release|Any CPU
		{2142C526-87F7-4E0B-8D0D-0985A5AB77D0}.Release|Any CPU.Build.0 = Release|Any CPU
	EndGlobalSection
	GlobalSection(SolutionProperties) = preSolution
		HideSolutionNode = FALSE
	EndGlobalSection
	GlobalSection(NestedProjects) = preSolution
		{C3BD250D-F89F-4D9C-BB88-20734FE32C54} = {AAE2DB3E-C0E2-48C2-9566-D26172743949}
		{3D634D54-E4B3-4213-8D12-B8B0863989A3} = {AAE2DB3E-C0E2-48C2-9566-D26172743949}
		{7F042BAF-112F-4B47-9BB7-1AA59B5785EC} = {AAE2DB3E-C0E2-48C2-9566-D26172743949}
		{3B038D4E-176E-4F66-8284-486FBC4B3F6F} = {3D634D54-E4B3-4213-8D12-B8B0863989A3}
		{EA3F7199-69A5-4A03-81EB-688AEC25E9E4} = {3D634D54-E4B3-4213-8D12-B8B0863989A3}
		{CEA9AB93-AE3F-44B5-B81A-9C8A9616E4BD} = {7F042BAF-112F-4B47-9BB7-1AA59B5785EC}
		{0920E3A3-CDF9-472E-B794-80BE54F9EB44} = {7F042BAF-112F-4B47-9BB7-1AA59B5785EC}
		{A4DF30DB-8F00-43C7-BB48-E83E5F7F6559} = {C3BD250D-F89F-4D9C-BB88-20734FE32C54}
		{1E2D468E-234E-4385-9A31-F97B02864D3B} = {EE4647E6-9210-406E-A0B9-1E84E5C49CE9}
		{2142C526-87F7-4E0B-8D0D-0985A5AB77D0} = {EE4647E6-9210-406E-A0B9-1E84E5C49CE9}
	EndGlobalSection
	GlobalSection(ExtensibilityGlobals) = postSolution
		SolutionGuid = {411A2C9E-3769-4968-A810-A98B6C1D95CF}
	EndGlobalSection
EndGlobal
